
Microsoft Visual Studio Solution File, Format Version 11.00
# Visual Studio 2010
Project("{FAE04EC0-301F-11D3-BF4B-00C04F79EFBC}") = "ExecIndex", "ExecIndex\ExecIndex.csproj", "{EF798B30-067B-48B7-B593-286962F8894C}"
EndProject
Project("{FAE04EC0-301F-11D3-BF4B-00C04F79EFBC}") = "ExecIndex.Tests", "ExecIndex.Tests\ExecIndex.Tests.csproj", "{E6265C6F-1937-44FE-A078-3B5F7A132E19}"
EndProject
Project("{FAE04EC0-301F-11D3-BF4B-00C04F79EFBC}") = "TheIndex", "TheIndex\TheIndex.csproj", "{37B6290B-8969-4CEB-8DF4-C1E322D29AC2}"
EndProject
Global
	GlobalSection(SolutionConfigurationPlatforms) = preSolution
		Debug|Any CPU = Debug|Any CPU
		Release|Any CPU = Release|Any CPU
	EndGlobalSection
	GlobalSection(ProjectConfigurationPlatforms) = postSolution
		{EF798B30-067B-48B7-B593-286962F8894C}.Debug|Any CPU.ActiveCfg = Debug|Any CPU
		{EF798B30-067B-48B7-B593-286962F8894C}.Debug|Any CPU.Build.0 = Debug|Any CPU
		{EF798B30-067B-48B7-B593-286962F8894C}.Release|Any CPU.ActiveCfg = Release|Any CPU
		{EF798B30-067B-48B7-B593-286962F8894C}.Release|Any CPU.Build.0 = Release|Any CPU
		{E6265C6F-1937-44FE-A078-3B5F7A132E19}.Debug|Any CPU.ActiveCfg = Debug|Any CPU
		{E6265C6F-1937-44FE-A078-3B5F7A132E19}.Debug|Any CPU.Build.0 = Debug|Any CPU
		{E6265C6F-1937-44FE-A078-3B5F7A132E19}.Release|Any CPU.ActiveCfg = Release|Any CPU
		{E6265C6F-1937-44FE-A078-3B5F7A132E19}.Release|Any CPU.Build.0 = Release|Any CPU
		{37B6290B-8969-4CEB-8DF4-C1E322D29AC2}.Debug|Any CPU.ActiveCfg = Debug|Any CPU
		{37B6290B-8969-4CEB-8DF4-C1E322D29AC2}.Debug|Any CPU.Build.0 = Debug|Any CPU
		{37B6290B-8969-4CEB-8DF4-C1E322D29AC2}.Release|Any CPU.ActiveCfg = Release|Any CPU
		{37B6290B-8969-4CEB-8DF4-C1E322D29AC2}.Release|Any CPU.Build.0 = Release|Any CPU
	EndGlobalSection
	GlobalSection(SolutionProperties) = preSolution
		HideSolutionNode = FALSE
	EndGlobalSection
EndGlobal
